// !$*UTF8*$!
{
	archiveVersion = 1;
	classes = {
	};
	objectVersion = 56;
	objects = {

/* Begin PBXBuildFile section */
		D01031572978D73500ACC333 /* UserAvatar.swift in Sources */ = {isa = PBXBuildFile; fileRef = D01031562978D73500ACC333 /* UserAvatar.swift */; };
		D0158076295CAE390087545A /* PermissionClient.swift in Sources */ = {isa = PBXBuildFile; fileRef = D0158075295CAE390087545A /* PermissionClient.swift */; };
		D0158079295D14880087545A /* CaptureClient.swift in Sources */ = {isa = PBXBuildFile; fileRef = D0158078295D14880087545A /* CaptureClient.swift */; };
		D015807C295E039E0087545A /* CameraView.swift in Sources */ = {isa = PBXBuildFile; fileRef = D015807B295E039E0087545A /* CameraView.swift */; };
		D015807E295E057F0087545A /* CMSampleBuffer+Image.swift in Sources */ = {isa = PBXBuildFile; fileRef = D015807D295E057F0087545A /* CMSampleBuffer+Image.swift */; };
		D0158080295E08570087545A /* CameraVM.swift in Sources */ = {isa = PBXBuildFile; fileRef = D015807F295E08570087545A /* CameraVM.swift */; };
		D029D81E2957548400EA4C07 /* AppView.swift in Sources */ = {isa = PBXBuildFile; fileRef = D029D81D2957548400EA4C07 /* AppView.swift */; };
		D030D28129573E9A0011128F /* TribesApp.swift in Sources */ = {isa = PBXBuildFile; fileRef = D030D28029573E9A0011128F /* TribesApp.swift */; };
		D030D28529573E9B0011128F /* Assets.xcassets in Resources */ = {isa = PBXBuildFile; fileRef = D030D28429573E9B0011128F /* Assets.xcassets */; };
		D030D28829573E9B0011128F /* Preview Assets.xcassets in Resources */ = {isa = PBXBuildFile; fileRef = D030D28729573E9B0011128F /* Preview Assets.xcassets */; };
		D030D290295744A80011128F /* IdentifiedCollections in Frameworks */ = {isa = PBXBuildFile; productRef = D030D28F295744A80011128F /* IdentifiedCollections */; };
		D030D293295744F50011128F /* SwiftKeychainWrapper in Frameworks */ = {isa = PBXBuildFile; productRef = D030D292295744F50011128F /* SwiftKeychainWrapper */; };
		D030D2962957452F0011128F /* WalletCore in Frameworks */ = {isa = PBXBuildFile; productRef = D030D2952957452F0011128F /* WalletCore */; };
		D030D29A295745970011128F /* AppRouter.swift in Sources */ = {isa = PBXBuildFile; fileRef = D030D298295745970011128F /* AppRouter.swift */; };
		D030D29B295745970011128F /* AppState.swift in Sources */ = {isa = PBXBuildFile; fileRef = D030D299295745970011128F /* AppState.swift */; };
		D030D2A6295745C20011128F /* APIClient.swift in Sources */ = {isa = PBXBuildFile; fileRef = D030D29E295745C20011128F /* APIClient.swift */; };
		D030D2A7295745C20011128F /* HttpMethod.swift in Sources */ = {isa = PBXBuildFile; fileRef = D030D2A0295745C20011128F /* HttpMethod.swift */; };
		D030D2A8295745C20011128F /* URLSession+Validation.swift in Sources */ = {isa = PBXBuildFile; fileRef = D030D2A1295745C20011128F /* URLSession+Validation.swift */; };
		D030D2A9295745C20011128F /* APPUrlRequest.swift in Sources */ = {isa = PBXBuildFile; fileRef = D030D2A2295745C20011128F /* APPUrlRequest.swift */; };
		D030D2AA295745C20011128F /* WalletClient.swift in Sources */ = {isa = PBXBuildFile; fileRef = D030D2A3295745C20011128F /* WalletClient.swift */; };
		D030D2AB295745C20011128F /* FeedbackClient.swift in Sources */ = {isa = PBXBuildFile; fileRef = D030D2A4295745C20011128F /* FeedbackClient.swift */; };
		D030D2AC295745C20011128F /* PasteboardClient.swift in Sources */ = {isa = PBXBuildFile; fileRef = D030D2A5295745C20011128F /* PasteboardClient.swift */; };
		D030D2CD295745E90011128F /* Helpers.swift in Sources */ = {isa = PBXBuildFile; fileRef = D030D2AE295745E90011128F /* Helpers.swift */; };
		D030D2CE295745E90011128F /* Data+Hex.swift in Sources */ = {isa = PBXBuildFile; fileRef = D030D2B0295745E90011128F /* Data+Hex.swift */; };
		D030D2D0295745E90011128F /* UIImage+Extensions.swift in Sources */ = {isa = PBXBuildFile; fileRef = D030D2B2295745E90011128F /* UIImage+Extensions.swift */; };
		D030D2D1295745E90011128F /* String+Extension.swift in Sources */ = {isa = PBXBuildFile; fileRef = D030D2B3295745E90011128F /* String+Extension.swift */; };
		D030D2D2295745E90011128F /* Color+Extension.swift in Sources */ = {isa = PBXBuildFile; fileRef = D030D2B4295745E90011128F /* Color+Extension.swift */; };
		D030D2D3295745E90011128F /* Font+Extension.swift in Sources */ = {isa = PBXBuildFile; fileRef = D030D2B5295745E90011128F /* Font+Extension.swift */; };
		D030D2D4295745E90011128F /* View+Extensions.swift in Sources */ = {isa = PBXBuildFile; fileRef = D030D2B6295745E90011128F /* View+Extensions.swift */; };
		D030D2D5295745E90011128F /* View+ReadSize.swift in Sources */ = {isa = PBXBuildFile; fileRef = D030D2B7295745E90011128F /* View+ReadSize.swift */; };
		D030D2D6295745E90011128F /* View+Overlay.swift in Sources */ = {isa = PBXBuildFile; fileRef = D030D2B8295745E90011128F /* View+Overlay.swift */; };
		D030D2D7295745E90011128F /* View+Frame.swift in Sources */ = {isa = PBXBuildFile; fileRef = D030D2B9295745E90011128F /* View+Frame.swift */; };
		D030D2D8295745E90011128F /* Notification+Name.swift in Sources */ = {isa = PBXBuildFile; fileRef = D030D2BA295745E90011128F /* Notification+Name.swift */; };
		D030D2D9295745E90011128F /* Gradients.swift in Sources */ = {isa = PBXBuildFile; fileRef = D030D2BC295745E90011128F /* Gradients.swift */; };
		D030D2DA295745E90011128F /* NavBarTheme.swift in Sources */ = {isa = PBXBuildFile; fileRef = D030D2BD295745E90011128F /* NavBarTheme.swift */; };
		D030D2DB295745E90011128F /* CornerRadiusStyle.swift in Sources */ = {isa = PBXBuildFile; fileRef = D030D2BE295745E90011128F /* CornerRadiusStyle.swift */; };
		D030D2DC295745E90011128F /* ButtonStyles.swift in Sources */ = {isa = PBXBuildFile; fileRef = D030D2BF295745E90011128F /* ButtonStyles.swift */; };
		D030D2DD295745E90011128F /* Colors.swift in Sources */ = {isa = PBXBuildFile; fileRef = D030D2C0295745E90011128F /* Colors.swift */; };
		D030D2DE295745E90011128F /* TermsAndConditionsView.swift in Sources */ = {isa = PBXBuildFile; fileRef = D030D2C2295745E90011128F /* TermsAndConditionsView.swift */; };
		D030D2DF295745E90011128F /* MnemonicWordView.swift in Sources */ = {isa = PBXBuildFile; fileRef = D030D2C3295745E90011128F /* MnemonicWordView.swift */; };
		D030D2E0295745E90011128F /* TextFieldView.swift in Sources */ = {isa = PBXBuildFile; fileRef = D030D2C4295745E90011128F /* TextFieldView.swift */; };
		D030D2E1295745E90011128F /* AppToolBar.swift in Sources */ = {isa = PBXBuildFile; fileRef = D030D2C5295745E90011128F /* AppToolBar.swift */; };
		D030D2E2295745E90011128F /* AppBackgroundView.swift in Sources */ = {isa = PBXBuildFile; fileRef = D030D2C6295745E90011128F /* AppBackgroundView.swift */; };
		D030D2E3295745E90011128F /* SlidingButtonView.swift in Sources */ = {isa = PBXBuildFile; fileRef = D030D2C7295745E90011128F /* SlidingButtonView.swift */; };
		D030D2E4295745E90011128F /* ImagePicker.swift in Sources */ = {isa = PBXBuildFile; fileRef = D030D2C8295745E90011128F /* ImagePicker.swift */; };
		D030D2E5295745E90011128F /* BannerViewModifier.swift in Sources */ = {isa = PBXBuildFile; fileRef = D030D2C9295745E90011128F /* BannerViewModifier.swift */; };
		D030D2E6295745E90011128F /* AppProgressView.swift in Sources */ = {isa = PBXBuildFile; fileRef = D030D2CA295745E90011128F /* AppProgressView.swift */; };
		D030D2E7295745E90011128F /* TextFieldBackgroundView.swift in Sources */ = {isa = PBXBuildFile; fileRef = D030D2CB295745E90011128F /* TextFieldBackgroundView.swift */; };
		D030D2E8295745E90011128F /* ImagePlaceHolderView.swift in Sources */ = {isa = PBXBuildFile; fileRef = D030D2CC295745E90011128F /* ImagePlaceHolderView.swift */; };
		D030D2F6295745F90011128F /* EULA.swift in Sources */ = {isa = PBXBuildFile; fileRef = D030D2EA295745F90011128F /* EULA.swift */; };
		D030D2F7295745F90011128F /* MnemonicWord.swift in Sources */ = {isa = PBXBuildFile; fileRef = D030D2EB295745F90011128F /* MnemonicWord.swift */; };
		D030D2F8295745F90011128F /* AppError.swift in Sources */ = {isa = PBXBuildFile; fileRef = D030D2EC295745F90011128F /* AppError.swift */; };
		D030D2F9295745F90011128F /* FieldValidation.swift in Sources */ = {isa = PBXBuildFile; fileRef = D030D2ED295745F90011128F /* FieldValidation.swift */; };
		D030D2FA295745F90011128F /* User.swift in Sources */ = {isa = PBXBuildFile; fileRef = D030D2EE295745F90011128F /* User.swift */; };
		D030D2FB295745F90011128F /* ResponseTypes.swift in Sources */ = {isa = PBXBuildFile; fileRef = D030D2F0295745F90011128F /* ResponseTypes.swift */; };
		D030D2FC295745F90011128F /* Register.swift in Sources */ = {isa = PBXBuildFile; fileRef = D030D2F2295745F90011128F /* Register.swift */; };
		D030D2FD295745F90011128F /* Authenticate.swift in Sources */ = {isa = PBXBuildFile; fileRef = D030D2F3295745F90011128F /* Authenticate.swift */; };
		D030D2FE295745F90011128F /* Token.swift in Sources */ = {isa = PBXBuildFile; fileRef = D030D2F4295745F90011128F /* Token.swift */; };
		D030D2FF295745F90011128F /* Wallet.swift in Sources */ = {isa = PBXBuildFile; fileRef = D030D2F5295745F90011128F /* Wallet.swift */; };
		D030D3152957460B0011128F /* WelcomePageVM.swift in Sources */ = {isa = PBXBuildFile; fileRef = D030D3022957460B0011128F /* WelcomePageVM.swift */; };
		D030D3162957460B0011128F /* WelcomePageView.swift in Sources */ = {isa = PBXBuildFile; fileRef = D030D3032957460B0011128F /* WelcomePageView.swift */; };
		D030D3172957460B0011128F /* VerifySecretPhraseVM.swift in Sources */ = {isa = PBXBuildFile; fileRef = D030D3072957460B0011128F /* VerifySecretPhraseVM.swift */; };
		D030D3182957460B0011128F /* VerifySecretPhraseView.swift in Sources */ = {isa = PBXBuildFile; fileRef = D030D3082957460B0011128F /* VerifySecretPhraseView.swift */; };
		D030D3192957460B0011128F /* NewSecretPhraseView.swift in Sources */ = {isa = PBXBuildFile; fileRef = D030D30A2957460B0011128F /* NewSecretPhraseView.swift */; };
		D030D31A2957460B0011128F /* NewSecretPhraseVM.swift in Sources */ = {isa = PBXBuildFile; fileRef = D030D30B2957460B0011128F /* NewSecretPhraseVM.swift */; };
		D030D31B2957460B0011128F /* ImportSecretPhraseVM.swift in Sources */ = {isa = PBXBuildFile; fileRef = D030D30D2957460B0011128F /* ImportSecretPhraseVM.swift */; };
		D030D31C2957460B0011128F /* ImportSecretPhraseView.swift in Sources */ = {isa = PBXBuildFile; fileRef = D030D30E2957460B0011128F /* ImportSecretPhraseView.swift */; };
		D030D31D2957460B0011128F /* AuthenticateView.swift in Sources */ = {isa = PBXBuildFile; fileRef = D030D3102957460B0011128F /* AuthenticateView.swift */; };
		D030D31E2957460B0011128F /* AuthenticateVM.swift in Sources */ = {isa = PBXBuildFile; fileRef = D030D3112957460B0011128F /* AuthenticateVM.swift */; };
		D030D31F2957460B0011128F /* ProfileSettingsView.swift in Sources */ = {isa = PBXBuildFile; fileRef = D030D3132957460B0011128F /* ProfileSettingsView.swift */; };
		D030D3202957460B0011128F /* ProfileSettingsVM.swift in Sources */ = {isa = PBXBuildFile; fileRef = D030D3142957460B0011128F /* ProfileSettingsVM.swift */; };
		D03B30A32968DAFB00F797CE /* HomeVM.swift in Sources */ = {isa = PBXBuildFile; fileRef = D03B30A22968DAFB00F797CE /* HomeVM.swift */; };
		D03B30A52968DB3D00F797CE /* HomeView.swift in Sources */ = {isa = PBXBuildFile; fileRef = D03B30A42968DB3D00F797CE /* HomeView.swift */; };
		D047E1992982F88900F5C63A /* CodeWords.json in Resources */ = {isa = PBXBuildFile; fileRef = D047E1982982F88900F5C63A /* CodeWords.json */; };
		D07278B42974CCD100650A15 /* TribesVM.swift in Sources */ = {isa = PBXBuildFile; fileRef = D07278B32974CCD100650A15 /* TribesVM.swift */; };
		D07278B62974CCE000650A15 /* TribesView.swift in Sources */ = {isa = PBXBuildFile; fileRef = D07278B52974CCE000650A15 /* TribesView.swift */; };
		D07278BB2975FB9600650A15 /* CalloutView.swift in Sources */ = {isa = PBXBuildFile; fileRef = D07278BA2975FB9600650A15 /* CalloutView.swift */; };
		D07278BE297602C100650A15 /* CustomRoundedRectangle.swift in Sources */ = {isa = PBXBuildFile; fileRef = D07278BD297602C100650A15 /* CustomRoundedRectangle.swift */; };
		D07278C02976039600650A15 /* RoundedTriangle.swift in Sources */ = {isa = PBXBuildFile; fileRef = D07278BF2976039600650A15 /* RoundedTriangle.swift */; };
		D07278C2297603DC00650A15 /* ChatBubble.swift in Sources */ = {isa = PBXBuildFile; fileRef = D07278C1297603DC00650A15 /* ChatBubble.swift */; };
		D0766361298C7EB500946F7B /* LeaveTribeView.swift in Sources */ = {isa = PBXBuildFile; fileRef = D0766360298C7EB500946F7B /* LeaveTribeView.swift */; };
		D0766363298C7EC500946F7B /* LeaveTribeVM.swift in Sources */ = {isa = PBXBuildFile; fileRef = D0766362298C7EC500946F7B /* LeaveTribeVM.swift */; };
		D08EBF1F297EBEC1001B7A5C /* KeychainClient.swift in Sources */ = {isa = PBXBuildFile; fileRef = D08EBF1E297EBEC1001B7A5C /* KeychainClient.swift */; };
		D08EBF23297FC4D1001B7A5C /* CreateTribeView.swift in Sources */ = {isa = PBXBuildFile; fileRef = D08EBF22297FC4D1001B7A5C /* CreateTribeView.swift */; };
		D08EBF25297FC508001B7A5C /* CreateTribeVM.swift in Sources */ = {isa = PBXBuildFile; fileRef = D08EBF24297FC508001B7A5C /* CreateTribeVM.swift */; };
		D08EBF28297FD105001B7A5C /* JoinTribeView.swift in Sources */ = {isa = PBXBuildFile; fileRef = D08EBF27297FD105001B7A5C /* JoinTribeView.swift */; };
		D08EBF2A297FD118001B7A5C /* JoinTribeVM.swift in Sources */ = {isa = PBXBuildFile; fileRef = D08EBF29297FD118001B7A5C /* JoinTribeVM.swift */; };
		D0A3F07E298083D0000308BF /* CardView.swift in Sources */ = {isa = PBXBuildFile; fileRef = D0A3F07D298083D0000308BF /* CardView.swift */; };
		D0A3F0802980949B000308BF /* Animation+Extension.swift in Sources */ = {isa = PBXBuildFile; fileRef = D0A3F07F2980949B000308BF /* Animation+Extension.swift */; };
		D0A3F0832980AA0B000308BF /* TribeInviteVM.swift in Sources */ = {isa = PBXBuildFile; fileRef = D0A3F0822980AA0B000308BF /* TribeInviteVM.swift */; };
		D0A3F0852980AA2B000308BF /* TribeInviteView.swift in Sources */ = {isa = PBXBuildFile; fileRef = D0A3F0842980AA2B000308BF /* TribeInviteView.swift */; };
		D0AAF2DE29761F49003536C6 /* ChatType.swift in Sources */ = {isa = PBXBuildFile; fileRef = D0AAF2DD29761F49003536C6 /* ChatType.swift */; };
		D0BFEA4F298736D200FB6F22 /* LaunchScreen.storyboard in Resources */ = {isa = PBXBuildFile; fileRef = D0BFEA4E298736D200FB6F22 /* LaunchScreen.storyboard */; };
		D0BFEA512987978500FB6F22 /* Publishers+Extensions.swift in Sources */ = {isa = PBXBuildFile; fileRef = D0BFEA502987978500FB6F22 /* Publishers+Extensions.swift */; };
		D0C65AA32970988900E527F9 /* Tribe.swift in Sources */ = {isa = PBXBuildFile; fileRef = D0C65AA22970988900E527F9 /* Tribe.swift */; };
		D0C65AA52970A24D00E527F9 /* TextView.swift in Sources */ = {isa = PBXBuildFile; fileRef = D0C65AA42970A24D00E527F9 /* TextView.swift */; };
		D0C65AA72970A7E600E527F9 /* Fonts.swift in Sources */ = {isa = PBXBuildFile; fileRef = D0C65AA62970A7E600E527F9 /* Fonts.swift */; };
		D0C65AAD2970AC6400E527F9 /* Kreon-Bold.ttf in Resources */ = {isa = PBXBuildFile; fileRef = D0C65AAC2970AC6400E527F9 /* Kreon-Bold.ttf */; };
		D0C65AAF2970BEA100E527F9 /* SymmetricHStack.swift in Sources */ = {isa = PBXBuildFile; fileRef = D0C65AAE2970BEA100E527F9 /* SymmetricHStack.swift */; };
		D0D2668F295F717100A94183 /* CaptureClient+Utilities.swift in Sources */ = {isa = PBXBuildFile; fileRef = D0D2668E295F717100A94183 /* CaptureClient+Utilities.swift */; };
		D0D26692295FED0500A94183 /* ComposeVM.swift in Sources */ = {isa = PBXBuildFile; fileRef = D0D26691295FED0500A94183 /* ComposeVM.swift */; };
		D0D26694295FED1000A94183 /* ComposeView.swift in Sources */ = {isa = PBXBuildFile; fileRef = D0D26693295FED1000A94183 /* ComposeView.swift */; };
		D0D2669729600BBA00A94183 /* DraftView.swift in Sources */ = {isa = PBXBuildFile; fileRef = D0D2669629600BBA00A94183 /* DraftView.swift */; };
		D0D2669929600BC500A94183 /* DraftVM.swift in Sources */ = {isa = PBXBuildFile; fileRef = D0D2669829600BC500A94183 /* DraftVM.swift */; };
		D0D2669C296010D600A94183 /* TeaContentVM.swift in Sources */ = {isa = PBXBuildFile; fileRef = D0D2669B296010D600A94183 /* TeaContentVM.swift */; };
		D0D2669E296010E000A94183 /* TeaContentView.swift in Sources */ = {isa = PBXBuildFile; fileRef = D0D2669D296010E000A94183 /* TeaContentView.swift */; };
		D0D266A02960C8D400A94183 /* CaptureLoadingIndicator.swift in Sources */ = {isa = PBXBuildFile; fileRef = D0D2669F2960C8D400A94183 /* CaptureLoadingIndicator.swift */; };
		D0D266A22963459800A94183 /* VideoPlayerView.swift in Sources */ = {isa = PBXBuildFile; fileRef = D0D266A12963459800A94183 /* VideoPlayerView.swift */; };
		D0D266A52963466200A94183 /* PlayerView.swift in Sources */ = {isa = PBXBuildFile; fileRef = D0D266A42963466200A94183 /* PlayerView.swift */; };
		D0D266A7296513D300A94183 /* TeaContent.swift in Sources */ = {isa = PBXBuildFile; fileRef = D0D266A6296513D300A94183 /* TeaContent.swift */; };
		D0D266A9296524AC00A94183 /* Recorder.swift in Sources */ = {isa = PBXBuildFile; fileRef = D0D266A8296524AC00A94183 /* Recorder.swift */; };
		D0D266AF296AAC4E00A94183 /* EdgeInsets+Extensions.swift in Sources */ = {isa = PBXBuildFile; fileRef = D0D266AE296AAC4E00A94183 /* EdgeInsets+Extensions.swift */; };
		D0D266B1296AACE000A94183 /* PageView.swift in Sources */ = {isa = PBXBuildFile; fileRef = D0D266B0296AACE000A94183 /* PageView.swift */; };
		D0D266B3296AAD2300A94183 /* HomeContentView.swift in Sources */ = {isa = PBXBuildFile; fileRef = D0D266B2296AAD2300A94183 /* HomeContentView.swift */; };
		D0D266B5296B542500A94183 /* View+OnBecomingVisible.swift in Sources */ = {isa = PBXBuildFile; fileRef = D0D266B4296B542500A94183 /* View+OnBecomingVisible.swift */; };
		D0E8519A2968EBF70034AFD1 /* Introspect in Frameworks */ = {isa = PBXBuildFile; productRef = D0E851992968EBF70034AFD1 /* Introspect */; };
		D0E8519C296CA3C10034AFD1 /* TribeAvatar.swift in Sources */ = {isa = PBXBuildFile; fileRef = D0E8519B296CA3C10034AFD1 /* TribeAvatar.swift */; };
		D0E8519E296CC0690034AFD1 /* TribeMember.swift in Sources */ = {isa = PBXBuildFile; fileRef = D0E8519D296CC0690034AFD1 /* TribeMember.swift */; };
		D0E9F7FC298DD20F00A0400A /* CacheClient.swift in Sources */ = {isa = PBXBuildFile; fileRef = D0E9F7FB298DD20F00A0400A /* CacheClient.swift */; };
		D0F7E13A29574A330053B21D /* SwiftProtobuf in Frameworks */ = {isa = PBXBuildFile; productRef = D0F7E13929574A330053B21D /* SwiftProtobuf */; };
/* End PBXBuildFile section */

/* Begin PBXFileReference section */
		D01031562978D73500ACC333 /* UserAvatar.swift */ = {isa = PBXFileReference; lastKnownFileType = sourcecode.swift; path = UserAvatar.swift; sourceTree = "<group>"; };
		D0158075295CAE390087545A /* PermissionClient.swift */ = {isa = PBXFileReference; lastKnownFileType = sourcecode.swift; path = PermissionClient.swift; sourceTree = "<group>"; };
		D0158078295D14880087545A /* CaptureClient.swift */ = {isa = PBXFileReference; lastKnownFileType = sourcecode.swift; path = CaptureClient.swift; sourceTree = "<group>"; };
		D015807B295E039E0087545A /* CameraView.swift */ = {isa = PBXFileReference; lastKnownFileType = sourcecode.swift; path = CameraView.swift; sourceTree = "<group>"; };
		D015807D295E057F0087545A /* CMSampleBuffer+Image.swift */ = {isa = PBXFileReference; lastKnownFileType = sourcecode.swift; path = "CMSampleBuffer+Image.swift"; sourceTree = "<group>"; };
		D015807F295E08570087545A /* CameraVM.swift */ = {isa = PBXFileReference; lastKnownFileType = sourcecode.swift; path = CameraVM.swift; sourceTree = "<group>"; };
		D029D81D2957548400EA4C07 /* AppView.swift */ = {isa = PBXFileReference; lastKnownFileType = sourcecode.swift; path = AppView.swift; sourceTree = "<group>"; };
		D030D27D29573E9A0011128F /* Tribes.app */ = {isa = PBXFileReference; explicitFileType = wrapper.application; includeInIndex = 0; path = Tribes.app; sourceTree = BUILT_PRODUCTS_DIR; };
		D030D28029573E9A0011128F /* TribesApp.swift */ = {isa = PBXFileReference; lastKnownFileType = sourcecode.swift; path = TribesApp.swift; sourceTree = "<group>"; };
		D030D28429573E9B0011128F /* Assets.xcassets */ = {isa = PBXFileReference; lastKnownFileType = folder.assetcatalog; path = Assets.xcassets; sourceTree = "<group>"; };
		D030D28729573E9B0011128F /* Preview Assets.xcassets */ = {isa = PBXFileReference; lastKnownFileType = folder.assetcatalog; path = "Preview Assets.xcassets"; sourceTree = "<group>"; };
		D030D298295745970011128F /* AppRouter.swift */ = {isa = PBXFileReference; fileEncoding = 4; lastKnownFileType = sourcecode.swift; path = AppRouter.swift; sourceTree = "<group>"; };
		D030D299295745970011128F /* AppState.swift */ = {isa = PBXFileReference; fileEncoding = 4; lastKnownFileType = sourcecode.swift; path = AppState.swift; sourceTree = "<group>"; };
		D030D29E295745C20011128F /* APIClient.swift */ = {isa = PBXFileReference; fileEncoding = 4; lastKnownFileType = sourcecode.swift; path = APIClient.swift; sourceTree = "<group>"; };
		D030D2A0295745C20011128F /* HttpMethod.swift */ = {isa = PBXFileReference; fileEncoding = 4; lastKnownFileType = sourcecode.swift; path = HttpMethod.swift; sourceTree = "<group>"; };
		D030D2A1295745C20011128F /* URLSession+Validation.swift */ = {isa = PBXFileReference; fileEncoding = 4; lastKnownFileType = sourcecode.swift; path = "URLSession+Validation.swift"; sourceTree = "<group>"; };
		D030D2A2295745C20011128F /* APPUrlRequest.swift */ = {isa = PBXFileReference; fileEncoding = 4; lastKnownFileType = sourcecode.swift; path = APPUrlRequest.swift; sourceTree = "<group>"; };
		D030D2A3295745C20011128F /* WalletClient.swift */ = {isa = PBXFileReference; fileEncoding = 4; lastKnownFileType = sourcecode.swift; path = WalletClient.swift; sourceTree = "<group>"; };
		D030D2A4295745C20011128F /* FeedbackClient.swift */ = {isa = PBXFileReference; fileEncoding = 4; lastKnownFileType = sourcecode.swift; path = FeedbackClient.swift; sourceTree = "<group>"; };
		D030D2A5295745C20011128F /* PasteboardClient.swift */ = {isa = PBXFileReference; fileEncoding = 4; lastKnownFileType = sourcecode.swift; path = PasteboardClient.swift; sourceTree = "<group>"; };
		D030D2AE295745E90011128F /* Helpers.swift */ = {isa = PBXFileReference; fileEncoding = 4; lastKnownFileType = sourcecode.swift; path = Helpers.swift; sourceTree = "<group>"; };
		D030D2B0295745E90011128F /* Data+Hex.swift */ = {isa = PBXFileReference; fileEncoding = 4; lastKnownFileType = sourcecode.swift; path = "Data+Hex.swift"; sourceTree = "<group>"; };
		D030D2B2295745E90011128F /* UIImage+Extensions.swift */ = {isa = PBXFileReference; fileEncoding = 4; lastKnownFileType = sourcecode.swift; path = "UIImage+Extensions.swift"; sourceTree = "<group>"; };
		D030D2B3295745E90011128F /* String+Extension.swift */ = {isa = PBXFileReference; fileEncoding = 4; lastKnownFileType = sourcecode.swift; path = "String+Extension.swift"; sourceTree = "<group>"; };
		D030D2B4295745E90011128F /* Color+Extension.swift */ = {isa = PBXFileReference; fileEncoding = 4; lastKnownFileType = sourcecode.swift; path = "Color+Extension.swift"; sourceTree = "<group>"; };
		D030D2B5295745E90011128F /* Font+Extension.swift */ = {isa = PBXFileReference; fileEncoding = 4; lastKnownFileType = sourcecode.swift; path = "Font+Extension.swift"; sourceTree = "<group>"; };
		D030D2B6295745E90011128F /* View+Extensions.swift */ = {isa = PBXFileReference; fileEncoding = 4; lastKnownFileType = sourcecode.swift; path = "View+Extensions.swift"; sourceTree = "<group>"; };
		D030D2B7295745E90011128F /* View+ReadSize.swift */ = {isa = PBXFileReference; fileEncoding = 4; lastKnownFileType = sourcecode.swift; path = "View+ReadSize.swift"; sourceTree = "<group>"; };
		D030D2B8295745E90011128F /* View+Overlay.swift */ = {isa = PBXFileReference; fileEncoding = 4; lastKnownFileType = sourcecode.swift; path = "View+Overlay.swift"; sourceTree = "<group>"; };
		D030D2B9295745E90011128F /* View+Frame.swift */ = {isa = PBXFileReference; fileEncoding = 4; lastKnownFileType = sourcecode.swift; path = "View+Frame.swift"; sourceTree = "<group>"; };
		D030D2BA295745E90011128F /* Notification+Name.swift */ = {isa = PBXFileReference; fileEncoding = 4; lastKnownFileType = sourcecode.swift; path = "Notification+Name.swift"; sourceTree = "<group>"; };
		D030D2BC295745E90011128F /* Gradients.swift */ = {isa = PBXFileReference; fileEncoding = 4; lastKnownFileType = sourcecode.swift; path = Gradients.swift; sourceTree = "<group>"; };
		D030D2BD295745E90011128F /* NavBarTheme.swift */ = {isa = PBXFileReference; fileEncoding = 4; lastKnownFileType = sourcecode.swift; path = NavBarTheme.swift; sourceTree = "<group>"; };
		D030D2BE295745E90011128F /* CornerRadiusStyle.swift */ = {isa = PBXFileReference; fileEncoding = 4; lastKnownFileType = sourcecode.swift; path = CornerRadiusStyle.swift; sourceTree = "<group>"; };
		D030D2BF295745E90011128F /* ButtonStyles.swift */ = {isa = PBXFileReference; fileEncoding = 4; lastKnownFileType = sourcecode.swift; path = ButtonStyles.swift; sourceTree = "<group>"; };
		D030D2C0295745E90011128F /* Colors.swift */ = {isa = PBXFileReference; fileEncoding = 4; lastKnownFileType = sourcecode.swift; path = Colors.swift; sourceTree = "<group>"; };
		D030D2C2295745E90011128F /* TermsAndConditionsView.swift */ = {isa = PBXFileReference; fileEncoding = 4; lastKnownFileType = sourcecode.swift; path = TermsAndConditionsView.swift; sourceTree = "<group>"; };
		D030D2C3295745E90011128F /* MnemonicWordView.swift */ = {isa = PBXFileReference; fileEncoding = 4; lastKnownFileType = sourcecode.swift; path = MnemonicWordView.swift; sourceTree = "<group>"; };
		D030D2C4295745E90011128F /* TextFieldView.swift */ = {isa = PBXFileReference; fileEncoding = 4; lastKnownFileType = sourcecode.swift; path = TextFieldView.swift; sourceTree = "<group>"; };
		D030D2C5295745E90011128F /* AppToolBar.swift */ = {isa = PBXFileReference; fileEncoding = 4; lastKnownFileType = sourcecode.swift; path = AppToolBar.swift; sourceTree = "<group>"; };
		D030D2C6295745E90011128F /* AppBackgroundView.swift */ = {isa = PBXFileReference; fileEncoding = 4; lastKnownFileType = sourcecode.swift; path = AppBackgroundView.swift; sourceTree = "<group>"; };
		D030D2C7295745E90011128F /* SlidingButtonView.swift */ = {isa = PBXFileReference; fileEncoding = 4; lastKnownFileType = sourcecode.swift; path = SlidingButtonView.swift; sourceTree = "<group>"; };
		D030D2C8295745E90011128F /* ImagePicker.swift */ = {isa = PBXFileReference; fileEncoding = 4; lastKnownFileType = sourcecode.swift; path = ImagePicker.swift; sourceTree = "<group>"; };
		D030D2C9295745E90011128F /* BannerViewModifier.swift */ = {isa = PBXFileReference; fileEncoding = 4; lastKnownFileType = sourcecode.swift; path = BannerViewModifier.swift; sourceTree = "<group>"; };
		D030D2CA295745E90011128F /* AppProgressView.swift */ = {isa = PBXFileReference; fileEncoding = 4; lastKnownFileType = sourcecode.swift; path = AppProgressView.swift; sourceTree = "<group>"; };
		D030D2CB295745E90011128F /* TextFieldBackgroundView.swift */ = {isa = PBXFileReference; fileEncoding = 4; lastKnownFileType = sourcecode.swift; path = TextFieldBackgroundView.swift; sourceTree = "<group>"; };
		D030D2CC295745E90011128F /* ImagePlaceHolderView.swift */ = {isa = PBXFileReference; fileEncoding = 4; lastKnownFileType = sourcecode.swift; path = ImagePlaceHolderView.swift; sourceTree = "<group>"; };
		D030D2EA295745F90011128F /* EULA.swift */ = {isa = PBXFileReference; fileEncoding = 4; lastKnownFileType = sourcecode.swift; path = EULA.swift; sourceTree = "<group>"; };
		D030D2EB295745F90011128F /* MnemonicWord.swift */ = {isa = PBXFileReference; fileEncoding = 4; lastKnownFileType = sourcecode.swift; path = MnemonicWord.swift; sourceTree = "<group>"; };
		D030D2EC295745F90011128F /* AppError.swift */ = {isa = PBXFileReference; fileEncoding = 4; lastKnownFileType = sourcecode.swift; path = AppError.swift; sourceTree = "<group>"; };
		D030D2ED295745F90011128F /* FieldValidation.swift */ = {isa = PBXFileReference; fileEncoding = 4; lastKnownFileType = sourcecode.swift; path = FieldValidation.swift; sourceTree = "<group>"; };
		D030D2EE295745F90011128F /* User.swift */ = {isa = PBXFileReference; fileEncoding = 4; lastKnownFileType = sourcecode.swift; path = User.swift; sourceTree = "<group>"; };
		D030D2F0295745F90011128F /* ResponseTypes.swift */ = {isa = PBXFileReference; fileEncoding = 4; lastKnownFileType = sourcecode.swift; path = ResponseTypes.swift; sourceTree = "<group>"; };
		D030D2F2295745F90011128F /* Register.swift */ = {isa = PBXFileReference; fileEncoding = 4; lastKnownFileType = sourcecode.swift; path = Register.swift; sourceTree = "<group>"; };
		D030D2F3295745F90011128F /* Authenticate.swift */ = {isa = PBXFileReference; fileEncoding = 4; lastKnownFileType = sourcecode.swift; path = Authenticate.swift; sourceTree = "<group>"; };
		D030D2F4295745F90011128F /* Token.swift */ = {isa = PBXFileReference; fileEncoding = 4; lastKnownFileType = sourcecode.swift; path = Token.swift; sourceTree = "<group>"; };
		D030D2F5295745F90011128F /* Wallet.swift */ = {isa = PBXFileReference; fileEncoding = 4; lastKnownFileType = sourcecode.swift; path = Wallet.swift; sourceTree = "<group>"; };
		D030D3022957460B0011128F /* WelcomePageVM.swift */ = {isa = PBXFileReference; fileEncoding = 4; lastKnownFileType = sourcecode.swift; path = WelcomePageVM.swift; sourceTree = "<group>"; };
		D030D3032957460B0011128F /* WelcomePageView.swift */ = {isa = PBXFileReference; fileEncoding = 4; lastKnownFileType = sourcecode.swift; path = WelcomePageView.swift; sourceTree = "<group>"; };
		D030D3072957460B0011128F /* VerifySecretPhraseVM.swift */ = {isa = PBXFileReference; fileEncoding = 4; lastKnownFileType = sourcecode.swift; path = VerifySecretPhraseVM.swift; sourceTree = "<group>"; };
		D030D3082957460B0011128F /* VerifySecretPhraseView.swift */ = {isa = PBXFileReference; fileEncoding = 4; lastKnownFileType = sourcecode.swift; path = VerifySecretPhraseView.swift; sourceTree = "<group>"; };
		D030D30A2957460B0011128F /* NewSecretPhraseView.swift */ = {isa = PBXFileReference; fileEncoding = 4; lastKnownFileType = sourcecode.swift; path = NewSecretPhraseView.swift; sourceTree = "<group>"; };
		D030D30B2957460B0011128F /* NewSecretPhraseVM.swift */ = {isa = PBXFileReference; fileEncoding = 4; lastKnownFileType = sourcecode.swift; path = NewSecretPhraseVM.swift; sourceTree = "<group>"; };
		D030D30D2957460B0011128F /* ImportSecretPhraseVM.swift */ = {isa = PBXFileReference; fileEncoding = 4; lastKnownFileType = sourcecode.swift; path = ImportSecretPhraseVM.swift; sourceTree = "<group>"; };
		D030D30E2957460B0011128F /* ImportSecretPhraseView.swift */ = {isa = PBXFileReference; fileEncoding = 4; lastKnownFileType = sourcecode.swift; path = ImportSecretPhraseView.swift; sourceTree = "<group>"; };
		D030D3102957460B0011128F /* AuthenticateView.swift */ = {isa = PBXFileReference; fileEncoding = 4; lastKnownFileType = sourcecode.swift; path = AuthenticateView.swift; sourceTree = "<group>"; };
		D030D3112957460B0011128F /* AuthenticateVM.swift */ = {isa = PBXFileReference; fileEncoding = 4; lastKnownFileType = sourcecode.swift; path = AuthenticateVM.swift; sourceTree = "<group>"; };
		D030D3132957460B0011128F /* ProfileSettingsView.swift */ = {isa = PBXFileReference; fileEncoding = 4; lastKnownFileType = sourcecode.swift; path = ProfileSettingsView.swift; sourceTree = "<group>"; };
		D030D3142957460B0011128F /* ProfileSettingsVM.swift */ = {isa = PBXFileReference; fileEncoding = 4; lastKnownFileType = sourcecode.swift; path = ProfileSettingsVM.swift; sourceTree = "<group>"; };
		D03B30A22968DAFB00F797CE /* HomeVM.swift */ = {isa = PBXFileReference; lastKnownFileType = sourcecode.swift; path = HomeVM.swift; sourceTree = "<group>"; };
		D03B30A42968DB3D00F797CE /* HomeView.swift */ = {isa = PBXFileReference; lastKnownFileType = sourcecode.swift; path = HomeView.swift; sourceTree = "<group>"; };
		D047E1982982F88900F5C63A /* CodeWords.json */ = {isa = PBXFileReference; lastKnownFileType = text.json; path = CodeWords.json; sourceTree = "<group>"; };
		D07278B32974CCD100650A15 /* TribesVM.swift */ = {isa = PBXFileReference; lastKnownFileType = sourcecode.swift; path = TribesVM.swift; sourceTree = "<group>"; };
		D07278B52974CCE000650A15 /* TribesView.swift */ = {isa = PBXFileReference; lastKnownFileType = sourcecode.swift; path = TribesView.swift; sourceTree = "<group>"; };
		D07278BA2975FB9600650A15 /* CalloutView.swift */ = {isa = PBXFileReference; lastKnownFileType = sourcecode.swift; path = CalloutView.swift; sourceTree = "<group>"; };
		D07278BD297602C100650A15 /* CustomRoundedRectangle.swift */ = {isa = PBXFileReference; lastKnownFileType = sourcecode.swift; path = CustomRoundedRectangle.swift; sourceTree = "<group>"; };
		D07278BF2976039600650A15 /* RoundedTriangle.swift */ = {isa = PBXFileReference; lastKnownFileType = sourcecode.swift; path = RoundedTriangle.swift; sourceTree = "<group>"; };
		D07278C1297603DC00650A15 /* ChatBubble.swift */ = {isa = PBXFileReference; lastKnownFileType = sourcecode.swift; path = ChatBubble.swift; sourceTree = "<group>"; };
		D0766360298C7EB500946F7B /* LeaveTribeView.swift */ = {isa = PBXFileReference; lastKnownFileType = sourcecode.swift; path = LeaveTribeView.swift; sourceTree = "<group>"; };
		D0766362298C7EC500946F7B /* LeaveTribeVM.swift */ = {isa = PBXFileReference; lastKnownFileType = sourcecode.swift; path = LeaveTribeVM.swift; sourceTree = "<group>"; };
		D08EBF1E297EBEC1001B7A5C /* KeychainClient.swift */ = {isa = PBXFileReference; lastKnownFileType = sourcecode.swift; path = KeychainClient.swift; sourceTree = "<group>"; };
		D08EBF22297FC4D1001B7A5C /* CreateTribeView.swift */ = {isa = PBXFileReference; lastKnownFileType = sourcecode.swift; path = CreateTribeView.swift; sourceTree = "<group>"; };
		D08EBF24297FC508001B7A5C /* CreateTribeVM.swift */ = {isa = PBXFileReference; lastKnownFileType = sourcecode.swift; path = CreateTribeVM.swift; sourceTree = "<group>"; };
		D08EBF27297FD105001B7A5C /* JoinTribeView.swift */ = {isa = PBXFileReference; lastKnownFileType = sourcecode.swift; path = JoinTribeView.swift; sourceTree = "<group>"; };
		D08EBF29297FD118001B7A5C /* JoinTribeVM.swift */ = {isa = PBXFileReference; lastKnownFileType = sourcecode.swift; path = JoinTribeVM.swift; sourceTree = "<group>"; };
		D0A3F07D298083D0000308BF /* CardView.swift */ = {isa = PBXFileReference; lastKnownFileType = sourcecode.swift; path = CardView.swift; sourceTree = "<group>"; };
		D0A3F07F2980949B000308BF /* Animation+Extension.swift */ = {isa = PBXFileReference; lastKnownFileType = sourcecode.swift; path = "Animation+Extension.swift"; sourceTree = "<group>"; };
		D0A3F0822980AA0B000308BF /* TribeInviteVM.swift */ = {isa = PBXFileReference; lastKnownFileType = sourcecode.swift; path = TribeInviteVM.swift; sourceTree = "<group>"; };
		D0A3F0842980AA2B000308BF /* TribeInviteView.swift */ = {isa = PBXFileReference; lastKnownFileType = sourcecode.swift; path = TribeInviteView.swift; sourceTree = "<group>"; };
		D0AAF2DD29761F49003536C6 /* ChatType.swift */ = {isa = PBXFileReference; lastKnownFileType = sourcecode.swift; path = ChatType.swift; sourceTree = "<group>"; };
		D0BFEA4E298736D200FB6F22 /* LaunchScreen.storyboard */ = {isa = PBXFileReference; lastKnownFileType = file.storyboard; path = LaunchScreen.storyboard; sourceTree = "<group>"; };
		D0BFEA502987978500FB6F22 /* Publishers+Extensions.swift */ = {isa = PBXFileReference; lastKnownFileType = sourcecode.swift; path = "Publishers+Extensions.swift"; sourceTree = "<group>"; };
		D0C65AA22970988900E527F9 /* Tribe.swift */ = {isa = PBXFileReference; lastKnownFileType = sourcecode.swift; path = Tribe.swift; sourceTree = "<group>"; };
		D0C65AA42970A24D00E527F9 /* TextView.swift */ = {isa = PBXFileReference; lastKnownFileType = sourcecode.swift; path = TextView.swift; sourceTree = "<group>"; };
		D0C65AA62970A7E600E527F9 /* Fonts.swift */ = {isa = PBXFileReference; lastKnownFileType = sourcecode.swift; path = Fonts.swift; sourceTree = "<group>"; };
		D0C65AAC2970AC6400E527F9 /* Kreon-Bold.ttf */ = {isa = PBXFileReference; lastKnownFileType = file; path = "Kreon-Bold.ttf"; sourceTree = "<group>"; };
		D0C65AAE2970BEA100E527F9 /* SymmetricHStack.swift */ = {isa = PBXFileReference; lastKnownFileType = sourcecode.swift; path = SymmetricHStack.swift; sourceTree = "<group>"; };
		D0D2668E295F717100A94183 /* CaptureClient+Utilities.swift */ = {isa = PBXFileReference; lastKnownFileType = sourcecode.swift; path = "CaptureClient+Utilities.swift"; sourceTree = "<group>"; };
		D0D26691295FED0500A94183 /* ComposeVM.swift */ = {isa = PBXFileReference; lastKnownFileType = sourcecode.swift; path = ComposeVM.swift; sourceTree = "<group>"; };
		D0D26693295FED1000A94183 /* ComposeView.swift */ = {isa = PBXFileReference; lastKnownFileType = sourcecode.swift; path = ComposeView.swift; sourceTree = "<group>"; };
		D0D2669629600BBA00A94183 /* DraftView.swift */ = {isa = PBXFileReference; lastKnownFileType = sourcecode.swift; path = DraftView.swift; sourceTree = "<group>"; };
		D0D2669829600BC500A94183 /* DraftVM.swift */ = {isa = PBXFileReference; lastKnownFileType = sourcecode.swift; path = DraftVM.swift; sourceTree = "<group>"; };
		D0D2669B296010D600A94183 /* TeaContentVM.swift */ = {isa = PBXFileReference; lastKnownFileType = sourcecode.swift; path = TeaContentVM.swift; sourceTree = "<group>"; };
		D0D2669D296010E000A94183 /* TeaContentView.swift */ = {isa = PBXFileReference; lastKnownFileType = sourcecode.swift; path = TeaContentView.swift; sourceTree = "<group>"; };
		D0D2669F2960C8D400A94183 /* CaptureLoadingIndicator.swift */ = {isa = PBXFileReference; lastKnownFileType = sourcecode.swift; path = CaptureLoadingIndicator.swift; sourceTree = "<group>"; };
		D0D266A12963459800A94183 /* VideoPlayerView.swift */ = {isa = PBXFileReference; lastKnownFileType = sourcecode.swift; path = VideoPlayerView.swift; sourceTree = "<group>"; };
		D0D266A42963466200A94183 /* PlayerView.swift */ = {isa = PBXFileReference; lastKnownFileType = sourcecode.swift; path = PlayerView.swift; sourceTree = "<group>"; };
		D0D266A6296513D300A94183 /* TeaContent.swift */ = {isa = PBXFileReference; lastKnownFileType = sourcecode.swift; path = TeaContent.swift; sourceTree = "<group>"; };
		D0D266A8296524AC00A94183 /* Recorder.swift */ = {isa = PBXFileReference; lastKnownFileType = sourcecode.swift; path = Recorder.swift; sourceTree = "<group>"; };
		D0D266AE296AAC4E00A94183 /* EdgeInsets+Extensions.swift */ = {isa = PBXFileReference; lastKnownFileType = sourcecode.swift; path = "EdgeInsets+Extensions.swift"; sourceTree = "<group>"; };
		D0D266B0296AACE000A94183 /* PageView.swift */ = {isa = PBXFileReference; lastKnownFileType = sourcecode.swift; path = PageView.swift; sourceTree = "<group>"; };
		D0D266B2296AAD2300A94183 /* HomeContentView.swift */ = {isa = PBXFileReference; lastKnownFileType = sourcecode.swift; path = HomeContentView.swift; sourceTree = "<group>"; };
		D0D266B4296B542500A94183 /* View+OnBecomingVisible.swift */ = {isa = PBXFileReference; lastKnownFileType = sourcecode.swift; path = "View+OnBecomingVisible.swift"; sourceTree = "<group>"; };
		D0E8519B296CA3C10034AFD1 /* TribeAvatar.swift */ = {isa = PBXFileReference; lastKnownFileType = sourcecode.swift; path = TribeAvatar.swift; sourceTree = "<group>"; };
		D0E8519D296CC0690034AFD1 /* TribeMember.swift */ = {isa = PBXFileReference; lastKnownFileType = sourcecode.swift; path = TribeMember.swift; sourceTree = "<group>"; };
		D0E9F7FB298DD20F00A0400A /* CacheClient.swift */ = {isa = PBXFileReference; lastKnownFileType = sourcecode.swift; path = CacheClient.swift; sourceTree = "<group>"; };
/* End PBXFileReference section */

/* Begin PBXFrameworksBuildPhase section */
		D030D27A29573E9A0011128F /* Frameworks */ = {
			isa = PBXFrameworksBuildPhase;
			buildActionMask = 2147483647;
			files = (
				D030D2962957452F0011128F /* WalletCore in Frameworks */,
				D030D293295744F50011128F /* SwiftKeychainWrapper in Frameworks */,
				D0E8519A2968EBF70034AFD1 /* Introspect in Frameworks */,
				D030D290295744A80011128F /* IdentifiedCollections in Frameworks */,
				D0F7E13A29574A330053B21D /* SwiftProtobuf in Frameworks */,
			);
			runOnlyForDeploymentPostprocessing = 0;
		};
/* End PBXFrameworksBuildPhase section */

/* Begin PBXGroup section */
		D015807A295E03810087545A /* Camera */ = {
			isa = PBXGroup;
			children = (
				D015807B295E039E0087545A /* CameraView.swift */,
				D015807F295E08570087545A /* CameraVM.swift */,
			);
			path = Camera;
			sourceTree = "<group>";
		};
		D030D27429573E9A0011128F = {
			isa = PBXGroup;
			children = (
				D030D27F29573E9A0011128F /* Tribes */,
				D030D27E29573E9A0011128F /* Products */,
				D030D321295746C10011128F /* Frameworks */,
			);
			sourceTree = "<group>";
		};
		D030D27E29573E9A0011128F /* Products */ = {
			isa = PBXGroup;
			children = (
				D030D27D29573E9A0011128F /* Tribes.app */,
			);
			name = Products;
			sourceTree = "<group>";
		};
		D030D27F29573E9A0011128F /* Tribes */ = {
			isa = PBXGroup;
			children = (
				D030D29C295745C20011128F /* Clients */,
				D030D2E9295745F90011128F /* Model */,
				D030D2AD295745E90011128F /* Utilities */,
				D030D3002957460B0011128F /* View */,
				D030D2972957457D0011128F /* ViewModel */,
				D030D28029573E9A0011128F /* TribesApp.swift */,
				D030D28629573E9B0011128F /* Preview Content */,
				D029D81D2957548400EA4C07 /* AppView.swift */,
				D0C65AA82970A80300E527F9 /* Resources */,
				D0BFEA4E298736D200FB6F22 /* LaunchScreen.storyboard */,
			);
			path = Tribes;
			sourceTree = "<group>";
		};
		D030D28629573E9B0011128F /* Preview Content */ = {
			isa = PBXGroup;
			children = (
				D030D28729573E9B0011128F /* Preview Assets.xcassets */,
			);
			path = "Preview Content";
			sourceTree = "<group>";
		};
		D030D2972957457D0011128F /* ViewModel */ = {
			isa = PBXGroup;
			children = (
				D030D298295745970011128F /* AppRouter.swift */,
				D030D299295745970011128F /* AppState.swift */,
			);
			path = ViewModel;
			sourceTree = "<group>";
		};
		D030D29C295745C20011128F /* Clients */ = {
			isa = PBXGroup;
			children = (
				D0E9F7FA298DD1FF00A0400A /* CacheClient */,
				D0D2668D295F715500A94183 /* CaptureClient */,
				D030D29D295745C20011128F /* APIClient */,
				D030D2A4295745C20011128F /* FeedbackClient.swift */,
				D030D2A5295745C20011128F /* PasteboardClient.swift */,
				D0158075295CAE390087545A /* PermissionClient.swift */,
				D030D2A3295745C20011128F /* WalletClient.swift */,
				D08EBF1E297EBEC1001B7A5C /* KeychainClient.swift */,
			);
			path = Clients;
			sourceTree = "<group>";
		};
		D030D29D295745C20011128F /* APIClient */ = {
			isa = PBXGroup;
			children = (
				D030D29E295745C20011128F /* APIClient.swift */,
				D030D29F295745C20011128F /* Utilities */,
			);
			path = APIClient;
			sourceTree = "<group>";
		};
		D030D29F295745C20011128F /* Utilities */ = {
			isa = PBXGroup;
			children = (
				D030D2A0295745C20011128F /* HttpMethod.swift */,
				D030D2A1295745C20011128F /* URLSession+Validation.swift */,
				D030D2A2295745C20011128F /* APPUrlRequest.swift */,
			);
			path = Utilities;
			sourceTree = "<group>";
		};
		D030D2AD295745E90011128F /* Utilities */ = {
			isa = PBXGroup;
			children = (
				D030D2AE295745E90011128F /* Helpers.swift */,
				D030D2AF295745E90011128F /* Extensions */,
				D030D2BB295745E90011128F /* Styles */,
				D07278BC2976029E00650A15 /* Shapes */,
				D030D2C1295745E90011128F /* Views */,
			);
			path = Utilities;
			sourceTree = "<group>";
		};
		D030D2AF295745E90011128F /* Extensions */ = {
			isa = PBXGroup;
			children = (
				D030D2B0295745E90011128F /* Data+Hex.swift */,
				D030D2B2295745E90011128F /* UIImage+Extensions.swift */,
				D030D2B3295745E90011128F /* String+Extension.swift */,
				D030D2B4295745E90011128F /* Color+Extension.swift */,
				D030D2B5295745E90011128F /* Font+Extension.swift */,
				D030D2B6295745E90011128F /* View+Extensions.swift */,
				D030D2B7295745E90011128F /* View+ReadSize.swift */,
				D030D2B8295745E90011128F /* View+Overlay.swift */,
				D030D2B9295745E90011128F /* View+Frame.swift */,
				D030D2BA295745E90011128F /* Notification+Name.swift */,
				D015807D295E057F0087545A /* CMSampleBuffer+Image.swift */,
				D0D266AE296AAC4E00A94183 /* EdgeInsets+Extensions.swift */,
				D0D266B4296B542500A94183 /* View+OnBecomingVisible.swift */,
				D0A3F07F2980949B000308BF /* Animation+Extension.swift */,
				D0BFEA502987978500FB6F22 /* Publishers+Extensions.swift */,
			);
			path = Extensions;
			sourceTree = "<group>";
		};
		D030D2BB295745E90011128F /* Styles */ = {
			isa = PBXGroup;
			children = (
				D030D2BC295745E90011128F /* Gradients.swift */,
				D030D2BD295745E90011128F /* NavBarTheme.swift */,
				D030D2BE295745E90011128F /* CornerRadiusStyle.swift */,
				D030D2BF295745E90011128F /* ButtonStyles.swift */,
				D030D2C0295745E90011128F /* Colors.swift */,
				D0C65AA62970A7E600E527F9 /* Fonts.swift */,
			);
			path = Styles;
			sourceTree = "<group>";
		};
		D030D2C1295745E90011128F /* Views */ = {
			isa = PBXGroup;
			children = (
				D0D266A32963464600A94183 /* VideoPlayer */,
				D030D2C2295745E90011128F /* TermsAndConditionsView.swift */,
				D030D2C3295745E90011128F /* MnemonicWordView.swift */,
				D030D2C4295745E90011128F /* TextFieldView.swift */,
				D030D2C5295745E90011128F /* AppToolBar.swift */,
				D030D2C6295745E90011128F /* AppBackgroundView.swift */,
				D030D2C7295745E90011128F /* SlidingButtonView.swift */,
				D030D2C8295745E90011128F /* ImagePicker.swift */,
				D030D2C9295745E90011128F /* BannerViewModifier.swift */,
				D030D2CA295745E90011128F /* AppProgressView.swift */,
				D030D2CB295745E90011128F /* TextFieldBackgroundView.swift */,
				D030D2CC295745E90011128F /* ImagePlaceHolderView.swift */,
				D0D2669F2960C8D400A94183 /* CaptureLoadingIndicator.swift */,
				D0D266B0296AACE000A94183 /* PageView.swift */,
				D0E8519B296CA3C10034AFD1 /* TribeAvatar.swift */,
				D0C65AA42970A24D00E527F9 /* TextView.swift */,
				D0C65AAE2970BEA100E527F9 /* SymmetricHStack.swift */,
				D07278BA2975FB9600650A15 /* CalloutView.swift */,
				D07278C1297603DC00650A15 /* ChatBubble.swift */,
				D01031562978D73500ACC333 /* UserAvatar.swift */,
				D0A3F07D298083D0000308BF /* CardView.swift */,
			);
			path = Views;
			sourceTree = "<group>";
		};
		D030D2E9295745F90011128F /* Model */ = {
			isa = PBXGroup;
			children = (
				D030D2EA295745F90011128F /* EULA.swift */,
				D030D2EB295745F90011128F /* MnemonicWord.swift */,
				D030D2EC295745F90011128F /* AppError.swift */,
				D030D2ED295745F90011128F /* FieldValidation.swift */,
				D030D2EE295745F90011128F /* User.swift */,
				D030D2EF295745F90011128F /* API */,
				D030D2F4295745F90011128F /* Token.swift */,
				D030D2F5295745F90011128F /* Wallet.swift */,
				D0D266A6296513D300A94183 /* TeaContent.swift */,
				D0E8519D296CC0690034AFD1 /* TribeMember.swift */,
				D0C65AA22970988900E527F9 /* Tribe.swift */,
				D0AAF2DD29761F49003536C6 /* ChatType.swift */,
			);
			path = Model;
			sourceTree = "<group>";
		};
		D030D2EF295745F90011128F /* API */ = {
			isa = PBXGroup;
			children = (
				D030D2F0295745F90011128F /* ResponseTypes.swift */,
				D030D2F1295745F90011128F /* Authentication */,
			);
			path = API;
			sourceTree = "<group>";
		};
		D030D2F1295745F90011128F /* Authentication */ = {
			isa = PBXGroup;
			children = (
				D030D2F2295745F90011128F /* Register.swift */,
				D030D2F3295745F90011128F /* Authenticate.swift */,
			);
			path = Authentication;
			sourceTree = "<group>";
		};
		D030D3002957460B0011128F /* View */ = {
			isa = PBXGroup;
			children = (
				D07278B22974CCAD00650A15 /* Tribes */,
				D03B30A12968DAE700F797CE /* Home */,
				D0D2669A296010C900A94183 /* TeaContent */,
				D0D2669529600BAB00A94183 /* Draft */,
				D0D26690295FECEF00A94183 /* Compose */,
				D015807A295E03810087545A /* Camera */,
				D030D3122957460B0011128F /* Profile */,
				D030D30F2957460B0011128F /* AuthenticateView */,
				D030D3052957460B0011128F /* SecretPhrase */,
				D030D3012957460B0011128F /* Welcome */,
			);
			path = View;
			sourceTree = "<group>";
		};
		D030D3012957460B0011128F /* Welcome */ = {
			isa = PBXGroup;
			children = (
				D030D3022957460B0011128F /* WelcomePageVM.swift */,
				D030D3032957460B0011128F /* WelcomePageView.swift */,
			);
			path = Welcome;
			sourceTree = "<group>";
		};
		D030D3052957460B0011128F /* SecretPhrase */ = {
			isa = PBXGroup;
			children = (
				D030D3062957460B0011128F /* VerifySecretPhrase */,
				D030D3092957460B0011128F /* NewSecretPhrase */,
				D030D30C2957460B0011128F /* ImportSecretPhrase */,
			);
			path = SecretPhrase;
			sourceTree = "<group>";
		};
		D030D3062957460B0011128F /* VerifySecretPhrase */ = {
			isa = PBXGroup;
			children = (
				D030D3072957460B0011128F /* VerifySecretPhraseVM.swift */,
				D030D3082957460B0011128F /* VerifySecretPhraseView.swift */,
			);
			path = VerifySecretPhrase;
			sourceTree = "<group>";
		};
		D030D3092957460B0011128F /* NewSecretPhrase */ = {
			isa = PBXGroup;
			children = (
				D030D30A2957460B0011128F /* NewSecretPhraseView.swift */,
				D030D30B2957460B0011128F /* NewSecretPhraseVM.swift */,
			);
			path = NewSecretPhrase;
			sourceTree = "<group>";
		};
		D030D30C2957460B0011128F /* ImportSecretPhrase */ = {
			isa = PBXGroup;
			children = (
				D030D30D2957460B0011128F /* ImportSecretPhraseVM.swift */,
				D030D30E2957460B0011128F /* ImportSecretPhraseView.swift */,
			);
			path = ImportSecretPhrase;
			sourceTree = "<group>";
		};
		D030D30F2957460B0011128F /* AuthenticateView */ = {
			isa = PBXGroup;
			children = (
				D030D3102957460B0011128F /* AuthenticateView.swift */,
				D030D3112957460B0011128F /* AuthenticateVM.swift */,
			);
			path = AuthenticateView;
			sourceTree = "<group>";
		};
		D030D3122957460B0011128F /* Profile */ = {
			isa = PBXGroup;
			children = (
				D030D3132957460B0011128F /* ProfileSettingsView.swift */,
				D030D3142957460B0011128F /* ProfileSettingsVM.swift */,
			);
			path = Profile;
			sourceTree = "<group>";
		};
		D030D321295746C10011128F /* Frameworks */ = {
			isa = PBXGroup;
			children = (
			);
			name = Frameworks;
			sourceTree = "<group>";
		};
		D03B30A12968DAE700F797CE /* Home */ = {
			isa = PBXGroup;
			children = (
				D03B30A22968DAFB00F797CE /* HomeVM.swift */,
				D03B30A42968DB3D00F797CE /* HomeView.swift */,
				D0D266B2296AAD2300A94183 /* HomeContentView.swift */,
			);
			path = Home;
			sourceTree = "<group>";
		};
		D07278B22974CCAD00650A15 /* Tribes */ = {
			isa = PBXGroup;
			children = (
				D08EBF21297FC4AF001B7A5C /* Create */,
				D0A3F0812980A9D6000308BF /* Invite */,
				D08EBF26297FD014001B7A5C /* Join */,
				D076635F298C7E8E00946F7B /* Leave */,
				D07278B32974CCD100650A15 /* TribesVM.swift */,
				D07278B52974CCE000650A15 /* TribesView.swift */,
			);
			path = Tribes;
			sourceTree = "<group>";
		};
		D07278BC2976029E00650A15 /* Shapes */ = {
			isa = PBXGroup;
			children = (
				D07278BD297602C100650A15 /* CustomRoundedRectangle.swift */,
				D07278BF2976039600650A15 /* RoundedTriangle.swift */,
			);
			path = Shapes;
			sourceTree = "<group>";
		};
		D076635F298C7E8E00946F7B /* Leave */ = {
			isa = PBXGroup;
			children = (
				D0766360298C7EB500946F7B /* LeaveTribeView.swift */,
				D0766362298C7EC500946F7B /* LeaveTribeVM.swift */,
			);
			path = Leave;
			sourceTree = "<group>";
		};
		D08EBF21297FC4AF001B7A5C /* Create */ = {
			isa = PBXGroup;
			children = (
				D08EBF22297FC4D1001B7A5C /* CreateTribeView.swift */,
				D08EBF24297FC508001B7A5C /* CreateTribeVM.swift */,
			);
			path = Create;
			sourceTree = "<group>";
		};
		D08EBF26297FD014001B7A5C /* Join */ = {
			isa = PBXGroup;
			children = (
				D08EBF27297FD105001B7A5C /* JoinTribeView.swift */,
				D08EBF29297FD118001B7A5C /* JoinTribeVM.swift */,
			);
			path = Join;
			sourceTree = "<group>";
		};
		D0A3F0812980A9D6000308BF /* Invite */ = {
			isa = PBXGroup;
			children = (
				D0A3F0822980AA0B000308BF /* TribeInviteVM.swift */,
				D0A3F0842980AA2B000308BF /* TribeInviteView.swift */,
			);
			path = Invite;
			sourceTree = "<group>";
		};
		D0C65AA82970A80300E527F9 /* Resources */ = {
			isa = PBXGroup;
			children = (
				D0C65AA92970A82400E527F9 /* Fonts */,
				D030D28429573E9B0011128F /* Assets.xcassets */,
				D047E1982982F88900F5C63A /* CodeWords.json */,
			);
			path = Resources;
			sourceTree = "<group>";
		};
		D0C65AA92970A82400E527F9 /* Fonts */ = {
			isa = PBXGroup;
			children = (
				D0C65AAC2970AC6400E527F9 /* Kreon-Bold.ttf */,
			);
			path = Fonts;
			sourceTree = "<group>";
		};
		D0D2668D295F715500A94183 /* CaptureClient */ = {
			isa = PBXGroup;
			children = (
				D0158078295D14880087545A /* CaptureClient.swift */,
				D0D2668E295F717100A94183 /* CaptureClient+Utilities.swift */,
				D0D266A8296524AC00A94183 /* Recorder.swift */,
			);
			path = CaptureClient;
			sourceTree = "<group>";
		};
		D0D26690295FECEF00A94183 /* Compose */ = {
			isa = PBXGroup;
			children = (
				D0D26691295FED0500A94183 /* ComposeVM.swift */,
				D0D26693295FED1000A94183 /* ComposeView.swift */,
			);
			path = Compose;
			sourceTree = "<group>";
		};
		D0D2669529600BAB00A94183 /* Draft */ = {
			isa = PBXGroup;
			children = (
				D0D2669629600BBA00A94183 /* DraftView.swift */,
				D0D2669829600BC500A94183 /* DraftVM.swift */,
			);
			path = Draft;
			sourceTree = "<group>";
		};
		D0D2669A296010C900A94183 /* TeaContent */ = {
			isa = PBXGroup;
			children = (
				D0D2669B296010D600A94183 /* TeaContentVM.swift */,
				D0D2669D296010E000A94183 /* TeaContentView.swift */,
			);
			path = TeaContent;
			sourceTree = "<group>";
		};
		D0D266A32963464600A94183 /* VideoPlayer */ = {
			isa = PBXGroup;
			children = (
				D0D266A42963466200A94183 /* PlayerView.swift */,
				D0D266A12963459800A94183 /* VideoPlayerView.swift */,
			);
			path = VideoPlayer;
			sourceTree = "<group>";
		};
		D0E9F7FA298DD1FF00A0400A /* CacheClient */ = {
			isa = PBXGroup;
			children = (
				D0E9F7FB298DD20F00A0400A /* CacheClient.swift */,
			);
			path = CacheClient;
			sourceTree = "<group>";
		};
/* End PBXGroup section */

/* Begin PBXNativeTarget section */
		D030D27C29573E9A0011128F /* Tribes */ = {
			isa = PBXNativeTarget;
			buildConfigurationList = D030D28B29573E9B0011128F /* Build configuration list for PBXNativeTarget "Tribes" */;
			buildPhases = (
				D030D27929573E9A0011128F /* Sources */,
				D030D27A29573E9A0011128F /* Frameworks */,
				D030D27B29573E9A0011128F /* Resources */,
			);
			buildRules = (
			);
			dependencies = (
			);
			name = Tribes;
			packageProductDependencies = (
				D030D28F295744A80011128F /* IdentifiedCollections */,
				D030D292295744F50011128F /* SwiftKeychainWrapper */,
				D030D2952957452F0011128F /* WalletCore */,
				D0F7E13929574A330053B21D /* SwiftProtobuf */,
				D0E851992968EBF70034AFD1 /* Introspect */,
			);
			productName = Tribes;
			productReference = D030D27D29573E9A0011128F /* Tribes.app */;
			productType = "com.apple.product-type.application";
		};
/* End PBXNativeTarget section */

/* Begin PBXProject section */
		D030D27529573E9A0011128F /* Project object */ = {
			isa = PBXProject;
			attributes = {
				BuildIndependentTargetsInParallel = 1;
				LastSwiftUpdateCheck = 1400;
				LastUpgradeCheck = 1400;
				TargetAttributes = {
					D030D27C29573E9A0011128F = {
						CreatedOnToolsVersion = 14.0;
					};
				};
			};
			buildConfigurationList = D030D27829573E9A0011128F /* Build configuration list for PBXProject "Tribes" */;
			compatibilityVersion = "Xcode 14.0";
			developmentRegion = en;
			hasScannedForEncodings = 0;
			knownRegions = (
				en,
				Base,
			);
			mainGroup = D030D27429573E9A0011128F;
			packageReferences = (
				D030D28E295744A80011128F /* XCRemoteSwiftPackageReference "swift-identified-collections" */,
				D030D291295744F50011128F /* XCRemoteSwiftPackageReference "SwiftKeychainWrapper" */,
				D030D2942957452F0011128F /* XCRemoteSwiftPackageReference "wallet-core" */,
				D0E851982968EBF70034AFD1 /* XCRemoteSwiftPackageReference "SwiftUI-Introspect" */,
			);
			productRefGroup = D030D27E29573E9A0011128F /* Products */;
			projectDirPath = "";
			projectRoot = "";
			targets = (
				D030D27C29573E9A0011128F /* Tribes */,
			);
		};
/* End PBXProject section */

/* Begin PBXResourcesBuildPhase section */
		D030D27B29573E9A0011128F /* Resources */ = {
			isa = PBXResourcesBuildPhase;
			buildActionMask = 2147483647;
			files = (
				D047E1992982F88900F5C63A /* CodeWords.json in Resources */,
				D0C65AAD2970AC6400E527F9 /* Kreon-Bold.ttf in Resources */,
				D030D28829573E9B0011128F /* Preview Assets.xcassets in Resources */,
				D0BFEA4F298736D200FB6F22 /* LaunchScreen.storyboard in Resources */,
				D030D28529573E9B0011128F /* Assets.xcassets in Resources */,
			);
			runOnlyForDeploymentPostprocessing = 0;
		};
/* End PBXResourcesBuildPhase section */

/* Begin PBXSourcesBuildPhase section */
		D030D27929573E9A0011128F /* Sources */ = {
			isa = PBXSourcesBuildPhase;
			buildActionMask = 2147483647;
			files = (
				D0E8519C296CA3C10034AFD1 /* TribeAvatar.swift in Sources */,
				D0C65AA52970A24D00E527F9 /* TextView.swift in Sources */,
				D030D2D1295745E90011128F /* String+Extension.swift in Sources */,
				D030D2AC295745C20011128F /* PasteboardClient.swift in Sources */,
				D07278BE297602C100650A15 /* CustomRoundedRectangle.swift in Sources */,
				D030D2E7295745E90011128F /* TextFieldBackgroundView.swift in Sources */,
				D030D2FD295745F90011128F /* Authenticate.swift in Sources */,
				D0C65AA32970988900E527F9 /* Tribe.swift in Sources */,
				D030D2F7295745F90011128F /* MnemonicWord.swift in Sources */,
				D0D2668F295F717100A94183 /* CaptureClient+Utilities.swift in Sources */,
				D030D28129573E9A0011128F /* TribesApp.swift in Sources */,
				D030D2A8295745C20011128F /* URLSession+Validation.swift in Sources */,
				D030D2FF295745F90011128F /* Wallet.swift in Sources */,
				D07278C02976039600650A15 /* RoundedTriangle.swift in Sources */,
				D030D2A9295745C20011128F /* APPUrlRequest.swift in Sources */,
				D030D2D6295745E90011128F /* View+Overlay.swift in Sources */,
				D029D81E2957548400EA4C07 /* AppView.swift in Sources */,
				D07278B62974CCE000650A15 /* TribesView.swift in Sources */,
				D0158079295D14880087545A /* CaptureClient.swift in Sources */,
				D08EBF25297FC508001B7A5C /* CreateTribeVM.swift in Sources */,
				D03B30A52968DB3D00F797CE /* HomeView.swift in Sources */,
				D0766361298C7EB500946F7B /* LeaveTribeView.swift in Sources */,
				D030D29A295745970011128F /* AppRouter.swift in Sources */,
				D0158080295E08570087545A /* CameraVM.swift in Sources */,
				D0D266A9296524AC00A94183 /* Recorder.swift in Sources */,
				D0E8519E296CC0690034AFD1 /* TribeMember.swift in Sources */,
				D030D3182957460B0011128F /* VerifySecretPhraseView.swift in Sources */,
				D030D2FC295745F90011128F /* Register.swift in Sources */,
				D015807C295E039E0087545A /* CameraView.swift in Sources */,
				D030D2DB295745E90011128F /* CornerRadiusStyle.swift in Sources */,
				D030D2E0295745E90011128F /* TextFieldView.swift in Sources */,
				D030D2CE295745E90011128F /* Data+Hex.swift in Sources */,
				D08EBF1F297EBEC1001B7A5C /* KeychainClient.swift in Sources */,
				D0766363298C7EC500946F7B /* LeaveTribeVM.swift in Sources */,
				D0D266B3296AAD2300A94183 /* HomeContentView.swift in Sources */,
				D030D2A6295745C20011128F /* APIClient.swift in Sources */,
				D0A3F07E298083D0000308BF /* CardView.swift in Sources */,
				D0D266AF296AAC4E00A94183 /* EdgeInsets+Extensions.swift in Sources */,
				D030D2CD295745E90011128F /* Helpers.swift in Sources */,
				D030D2E2295745E90011128F /* AppBackgroundView.swift in Sources */,
				D0D266B5296B542500A94183 /* View+OnBecomingVisible.swift in Sources */,
				D0D2669C296010D600A94183 /* TeaContentVM.swift in Sources */,
				D030D31C2957460B0011128F /* ImportSecretPhraseView.swift in Sources */,
				D030D31E2957460B0011128F /* AuthenticateVM.swift in Sources */,
				D0D2669729600BBA00A94183 /* DraftView.swift in Sources */,
				D030D2D9295745E90011128F /* Gradients.swift in Sources */,
				D0158076295CAE390087545A /* PermissionClient.swift in Sources */,
				D030D3202957460B0011128F /* ProfileSettingsVM.swift in Sources */,
				D030D2F9295745F90011128F /* FieldValidation.swift in Sources */,
				D030D2E5295745E90011128F /* BannerViewModifier.swift in Sources */,
				D030D2AA295745C20011128F /* WalletClient.swift in Sources */,
				D030D3162957460B0011128F /* WelcomePageView.swift in Sources */,
				D030D2E6295745E90011128F /* AppProgressView.swift in Sources */,
				D0D266A52963466200A94183 /* PlayerView.swift in Sources */,
				D03B30A32968DAFB00F797CE /* HomeVM.swift in Sources */,
				D0D266B1296AACE000A94183 /* PageView.swift in Sources */,
				D030D2F8295745F90011128F /* AppError.swift in Sources */,
				D0D26692295FED0500A94183 /* ComposeVM.swift in Sources */,
				D030D2E8295745E90011128F /* ImagePlaceHolderView.swift in Sources */,
				D030D3192957460B0011128F /* NewSecretPhraseView.swift in Sources */,
				D0A3F0852980AA2B000308BF /* TribeInviteView.swift in Sources */,
				D07278C2297603DC00650A15 /* ChatBubble.swift in Sources */,
				D030D2F6295745F90011128F /* EULA.swift in Sources */,
				D030D2D7295745E90011128F /* View+Frame.swift in Sources */,
				D030D31F2957460B0011128F /* ProfileSettingsView.swift in Sources */,
				D030D2E4295745E90011128F /* ImagePicker.swift in Sources */,
				D07278BB2975FB9600650A15 /* CalloutView.swift in Sources */,
				D01031572978D73500ACC333 /* UserAvatar.swift in Sources */,
				D08EBF28297FD105001B7A5C /* JoinTribeView.swift in Sources */,
				D0D266A22963459800A94183 /* VideoPlayerView.swift in Sources */,
				D030D2E3295745E90011128F /* SlidingButtonView.swift in Sources */,
				D030D2D4295745E90011128F /* View+Extensions.swift in Sources */,
				D030D31D2957460B0011128F /* AuthenticateView.swift in Sources */,
				D030D2D8295745E90011128F /* Notification+Name.swift in Sources */,
				D030D2DD295745E90011128F /* Colors.swift in Sources */,
				D030D2DA295745E90011128F /* NavBarTheme.swift in Sources */,
				D030D3152957460B0011128F /* WelcomePageVM.swift in Sources */,
				D030D2AB295745C20011128F /* FeedbackClient.swift in Sources */,
				D07278B42974CCD100650A15 /* TribesVM.swift in Sources */,
				D0E9F7FC298DD20F00A0400A /* CacheClient.swift in Sources */,
				D030D2FA295745F90011128F /* User.swift in Sources */,
				D030D2DF295745E90011128F /* MnemonicWordView.swift in Sources */,
				D0C65AAF2970BEA100E527F9 /* SymmetricHStack.swift in Sources */,
				D030D2FB295745F90011128F /* ResponseTypes.swift in Sources */,
				D0A3F0832980AA0B000308BF /* TribeInviteVM.swift in Sources */,
				D030D2A7295745C20011128F /* HttpMethod.swift in Sources */,
				D0D266A7296513D300A94183 /* TeaContent.swift in Sources */,
				D0D266A02960C8D400A94183 /* CaptureLoadingIndicator.swift in Sources */,
				D030D2DE295745E90011128F /* TermsAndConditionsView.swift in Sources */,
				D0D2669E296010E000A94183 /* TeaContentView.swift in Sources */,
				D0BFEA512987978500FB6F22 /* Publishers+Extensions.swift in Sources */,
				D030D31B2957460B0011128F /* ImportSecretPhraseVM.swift in Sources */,
				D030D2FE295745F90011128F /* Token.swift in Sources */,
				D030D2D0295745E90011128F /* UIImage+Extensions.swift in Sources */,
				D030D2D5295745E90011128F /* View+ReadSize.swift in Sources */,
				D030D2DC295745E90011128F /* ButtonStyles.swift in Sources */,
				D030D3172957460B0011128F /* VerifySecretPhraseVM.swift in Sources */,
				D030D2D3295745E90011128F /* Font+Extension.swift in Sources */,
				D0A3F0802980949B000308BF /* Animation+Extension.swift in Sources */,
				D030D2D2295745E90011128F /* Color+Extension.swift in Sources */,
				D030D29B295745970011128F /* AppState.swift in Sources */,
				D0C65AA72970A7E600E527F9 /* Fonts.swift in Sources */,
				D030D31A2957460B0011128F /* NewSecretPhraseVM.swift in Sources */,
				D08EBF2A297FD118001B7A5C /* JoinTribeVM.swift in Sources */,
				D0D26694295FED1000A94183 /* ComposeView.swift in Sources */,
				D0D2669929600BC500A94183 /* DraftVM.swift in Sources */,
				D030D2E1295745E90011128F /* AppToolBar.swift in Sources */,
				D0AAF2DE29761F49003536C6 /* ChatType.swift in Sources */,
				D015807E295E057F0087545A /* CMSampleBuffer+Image.swift in Sources */,
				D08EBF23297FC4D1001B7A5C /* CreateTribeView.swift in Sources */,
			);
			runOnlyForDeploymentPostprocessing = 0;
		};
/* End PBXSourcesBuildPhase section */

/* Begin XCBuildConfiguration section */
		D030D28929573E9B0011128F /* Debug */ = {
			isa = XCBuildConfiguration;
			buildSettings = {
				ALWAYS_SEARCH_USER_PATHS = NO;
				CLANG_ANALYZER_NONNULL = YES;
				CLANG_ANALYZER_NUMBER_OBJECT_CONVERSION = YES_AGGRESSIVE;
				CLANG_CXX_LANGUAGE_STANDARD = "gnu++20";
				CLANG_ENABLE_MODULES = YES;
				CLANG_ENABLE_OBJC_ARC = YES;
				CLANG_ENABLE_OBJC_WEAK = YES;
				CLANG_WARN_BLOCK_CAPTURE_AUTORELEASING = YES;
				CLANG_WARN_BOOL_CONVERSION = YES;
				CLANG_WARN_COMMA = YES;
				CLANG_WARN_CONSTANT_CONVERSION = YES;
				CLANG_WARN_DEPRECATED_OBJC_IMPLEMENTATIONS = YES;
				CLANG_WARN_DIRECT_OBJC_ISA_USAGE = YES_ERROR;
				CLANG_WARN_DOCUMENTATION_COMMENTS = YES;
				CLANG_WARN_EMPTY_BODY = YES;
				CLANG_WARN_ENUM_CONVERSION = YES;
				CLANG_WARN_INFINITE_RECURSION = YES;
				CLANG_WARN_INT_CONVERSION = YES;
				CLANG_WARN_NON_LITERAL_NULL_CONVERSION = YES;
				CLANG_WARN_OBJC_IMPLICIT_RETAIN_SELF = YES;
				CLANG_WARN_OBJC_LITERAL_CONVERSION = YES;
				CLANG_WARN_OBJC_ROOT_CLASS = YES_ERROR;
				CLANG_WARN_QUOTED_INCLUDE_IN_FRAMEWORK_HEADER = YES;
				CLANG_WARN_RANGE_LOOP_ANALYSIS = YES;
				CLANG_WARN_STRICT_PROTOTYPES = YES;
				CLANG_WARN_SUSPICIOUS_MOVE = YES;
				CLANG_WARN_UNGUARDED_AVAILABILITY = YES_AGGRESSIVE;
				CLANG_WARN_UNREACHABLE_CODE = YES;
				CLANG_WARN__DUPLICATE_METHOD_MATCH = YES;
				COPY_PHASE_STRIP = NO;
				DEBUG_INFORMATION_FORMAT = dwarf;
				ENABLE_STRICT_OBJC_MSGSEND = YES;
				ENABLE_TESTABILITY = YES;
				GCC_C_LANGUAGE_STANDARD = gnu11;
				GCC_DYNAMIC_NO_PIC = NO;
				GCC_NO_COMMON_BLOCKS = YES;
				GCC_OPTIMIZATION_LEVEL = 0;
				GCC_PREPROCESSOR_DEFINITIONS = (
					"DEBUG=1",
					"$(inherited)",
				);
				GCC_WARN_64_TO_32_BIT_CONVERSION = YES;
				GCC_WARN_ABOUT_RETURN_TYPE = YES_ERROR;
				GCC_WARN_UNDECLARED_SELECTOR = YES;
				GCC_WARN_UNINITIALIZED_AUTOS = YES_AGGRESSIVE;
				GCC_WARN_UNUSED_FUNCTION = YES;
				GCC_WARN_UNUSED_VARIABLE = YES;
				IPHONEOS_DEPLOYMENT_TARGET = 16.0;
				MTL_ENABLE_DEBUG_INFO = INCLUDE_SOURCE;
				MTL_FAST_MATH = YES;
				ONLY_ACTIVE_ARCH = YES;
				SDKROOT = iphoneos;
				SWIFT_ACTIVE_COMPILATION_CONDITIONS = DEBUG;
				SWIFT_OPTIMIZATION_LEVEL = "-Onone";
			};
			name = Debug;
		};
		D030D28A29573E9B0011128F /* Release */ = {
			isa = XCBuildConfiguration;
			buildSettings = {
				ALWAYS_SEARCH_USER_PATHS = NO;
				CLANG_ANALYZER_NONNULL = YES;
				CLANG_ANALYZER_NUMBER_OBJECT_CONVERSION = YES_AGGRESSIVE;
				CLANG_CXX_LANGUAGE_STANDARD = "gnu++20";
				CLANG_ENABLE_MODULES = YES;
				CLANG_ENABLE_OBJC_ARC = YES;
				CLANG_ENABLE_OBJC_WEAK = YES;
				CLANG_WARN_BLOCK_CAPTURE_AUTORELEASING = YES;
				CLANG_WARN_BOOL_CONVERSION = YES;
				CLANG_WARN_COMMA = YES;
				CLANG_WARN_CONSTANT_CONVERSION = YES;
				CLANG_WARN_DEPRECATED_OBJC_IMPLEMENTATIONS = YES;
				CLANG_WARN_DIRECT_OBJC_ISA_USAGE = YES_ERROR;
				CLANG_WARN_DOCUMENTATION_COMMENTS = YES;
				CLANG_WARN_EMPTY_BODY = YES;
				CLANG_WARN_ENUM_CONVERSION = YES;
				CLANG_WARN_INFINITE_RECURSION = YES;
				CLANG_WARN_INT_CONVERSION = YES;
				CLANG_WARN_NON_LITERAL_NULL_CONVERSION = YES;
				CLANG_WARN_OBJC_IMPLICIT_RETAIN_SELF = YES;
				CLANG_WARN_OBJC_LITERAL_CONVERSION = YES;
				CLANG_WARN_OBJC_ROOT_CLASS = YES_ERROR;
				CLANG_WARN_QUOTED_INCLUDE_IN_FRAMEWORK_HEADER = YES;
				CLANG_WARN_RANGE_LOOP_ANALYSIS = YES;
				CLANG_WARN_STRICT_PROTOTYPES = YES;
				CLANG_WARN_SUSPICIOUS_MOVE = YES;
				CLANG_WARN_UNGUARDED_AVAILABILITY = YES_AGGRESSIVE;
				CLANG_WARN_UNREACHABLE_CODE = YES;
				CLANG_WARN__DUPLICATE_METHOD_MATCH = YES;
				COPY_PHASE_STRIP = NO;
				DEBUG_INFORMATION_FORMAT = "dwarf-with-dsym";
				ENABLE_NS_ASSERTIONS = NO;
				ENABLE_STRICT_OBJC_MSGSEND = YES;
				GCC_C_LANGUAGE_STANDARD = gnu11;
				GCC_NO_COMMON_BLOCKS = YES;
				GCC_WARN_64_TO_32_BIT_CONVERSION = YES;
				GCC_WARN_ABOUT_RETURN_TYPE = YES_ERROR;
				GCC_WARN_UNDECLARED_SELECTOR = YES;
				GCC_WARN_UNINITIALIZED_AUTOS = YES_AGGRESSIVE;
				GCC_WARN_UNUSED_FUNCTION = YES;
				GCC_WARN_UNUSED_VARIABLE = YES;
				IPHONEOS_DEPLOYMENT_TARGET = 16.0;
				MTL_ENABLE_DEBUG_INFO = NO;
				MTL_FAST_MATH = YES;
				SDKROOT = iphoneos;
				SWIFT_COMPILATION_MODE = wholemodule;
				SWIFT_OPTIMIZATION_LEVEL = "-O";
				VALIDATE_PRODUCT = YES;
			};
			name = Release;
		};
		D030D28C29573E9B0011128F /* Debug */ = {
			isa = XCBuildConfiguration;
			buildSettings = {
				ASSETCATALOG_COMPILER_APPICON_NAME = AppIcon;
				ASSETCATALOG_COMPILER_GLOBAL_ACCENT_COLOR_NAME = AccentColor;
				CODE_SIGN_STYLE = Automatic;
				CURRENT_PROJECT_VERSION = 1;
				DEVELOPMENT_ASSET_PATHS = "\"Tribes/Preview Content\"";
				DEVELOPMENT_TEAM = HMK8J32K98;
				ENABLE_PREVIEWS = YES;
				GENERATE_INFOPLIST_FILE = YES;
				INFOPLIST_FILE = Tribes/Info.plist;
				INFOPLIST_KEY_CFBundleDisplayName = Tribes;
				INFOPLIST_KEY_LSApplicationCategoryType = "public.app-category.social-networking";
				INFOPLIST_KEY_NSCameraUsageDescription = "$(EXECUTABLE_NAME) uses the camera to capture the tea you share with your tribe members";
				INFOPLIST_KEY_NSMicrophoneUsageDescription = "$(EXECUTABLE_NAME) uses the microphone to capture the audio you share with your tribe members";
				INFOPLIST_KEY_UIApplicationSceneManifest_Generation = YES;
				INFOPLIST_KEY_UIApplicationSupportsIndirectInputEvents = YES;
				INFOPLIST_KEY_UILaunchScreen_Generation = YES;
				INFOPLIST_KEY_UILaunchStoryboardName = LaunchScreen.storyboard;
				INFOPLIST_KEY_UISupportedInterfaceOrientations_iPad = "UIInterfaceOrientationPortrait UIInterfaceOrientationPortraitUpsideDown UIInterfaceOrientationLandscapeLeft UIInterfaceOrientationLandscapeRight";
				INFOPLIST_KEY_UISupportedInterfaceOrientations_iPhone = "UIInterfaceOrientationPortrait UIInterfaceOrientationLandscapeLeft UIInterfaceOrientationLandscapeRight";
				LD_RUNPATH_SEARCH_PATHS = (
					"$(inherited)",
					"@executable_path/Frameworks",
				);
				MARKETING_VERSION = 1.0;
				PRODUCT_BUNDLE_IDENTIFIER = com.strikingfinancial.Tribes;
				PRODUCT_NAME = "$(TARGET_NAME)";
				SWIFT_EMIT_LOC_STRINGS = YES;
				SWIFT_VERSION = 5.0;
				TARGETED_DEVICE_FAMILY = "1,2";
			};
			name = Debug;
		};
		D030D28D29573E9B0011128F /* Release */ = {
			isa = XCBuildConfiguration;
			buildSettings = {
				ASSETCATALOG_COMPILER_APPICON_NAME = AppIcon;
				ASSETCATALOG_COMPILER_GLOBAL_ACCENT_COLOR_NAME = AccentColor;
				CODE_SIGN_STYLE = Automatic;
				CURRENT_PROJECT_VERSION = 1;
				DEVELOPMENT_ASSET_PATHS = "\"Tribes/Preview Content\"";
				DEVELOPMENT_TEAM = HMK8J32K98;
				ENABLE_PREVIEWS = YES;
				GENERATE_INFOPLIST_FILE = YES;
				INFOPLIST_FILE = Tribes/Info.plist;
				INFOPLIST_KEY_CFBundleDisplayName = Tribes;
				INFOPLIST_KEY_LSApplicationCategoryType = "public.app-category.social-networking";
				INFOPLIST_KEY_NSCameraUsageDescription = "$(EXECUTABLE_NAME) uses the camera to capture the tea you share with your tribe members";
				INFOPLIST_KEY_NSMicrophoneUsageDescription = "$(EXECUTABLE_NAME) uses the microphone to capture the audio you share with your tribe members";
				INFOPLIST_KEY_UIApplicationSceneManifest_Generation = YES;
				INFOPLIST_KEY_UIApplicationSupportsIndirectInputEvents = YES;
				INFOPLIST_KEY_UILaunchScreen_Generation = YES;
				INFOPLIST_KEY_UILaunchStoryboardName = LaunchScreen.storyboard;
				INFOPLIST_KEY_UISupportedInterfaceOrientations_iPad = "UIInterfaceOrientationPortrait UIInterfaceOrientationPortraitUpsideDown UIInterfaceOrientationLandscapeLeft UIInterfaceOrientationLandscapeRight";
				INFOPLIST_KEY_UISupportedInterfaceOrientations_iPhone = "UIInterfaceOrientationPortrait UIInterfaceOrientationLandscapeLeft UIInterfaceOrientationLandscapeRight";
				LD_RUNPATH_SEARCH_PATHS = (
					"$(inherited)",
					"@executable_path/Frameworks",
				);
				MARKETING_VERSION = 1.0;
				PRODUCT_BUNDLE_IDENTIFIER = com.strikingfinancial.Tribes;
				PRODUCT_NAME = "$(TARGET_NAME)";
				SWIFT_EMIT_LOC_STRINGS = YES;
				SWIFT_VERSION = 5.0;
				TARGETED_DEVICE_FAMILY = "1,2";
			};
			name = Release;
		};
/* End XCBuildConfiguration section */

/* Begin XCConfigurationList section */
		D030D27829573E9A0011128F /* Build configuration list for PBXProject "Tribes" */ = {
			isa = XCConfigurationList;
			buildConfigurations = (
				D030D28929573E9B0011128F /* Debug */,
				D030D28A29573E9B0011128F /* Release */,
			);
			defaultConfigurationIsVisible = 0;
			defaultConfigurationName = Release;
		};
		D030D28B29573E9B0011128F /* Build configuration list for PBXNativeTarget "Tribes" */ = {
			isa = XCConfigurationList;
			buildConfigurations = (
				D030D28C29573E9B0011128F /* Debug */,
				D030D28D29573E9B0011128F /* Release */,
			);
			defaultConfigurationIsVisible = 0;
			defaultConfigurationName = Release;
		};
/* End XCConfigurationList section */

/* Begin XCRemoteSwiftPackageReference section */
		D030D28E295744A80011128F /* XCRemoteSwiftPackageReference "swift-identified-collections" */ = {
			isa = XCRemoteSwiftPackageReference;
			repositoryURL = "https://github.com/pointfreeco/swift-identified-collections";
			requirement = {
				kind = upToNextMajorVersion;
				minimumVersion = 0.5.0;
			};
		};
		D030D291295744F50011128F /* XCRemoteSwiftPackageReference "SwiftKeychainWrapper" */ = {
			isa = XCRemoteSwiftPackageReference;
			repositoryURL = "https://github.com/jrendel/SwiftKeychainWrapper";
			requirement = {
				branch = develop;
				kind = branch;
			};
		};
		D030D2942957452F0011128F /* XCRemoteSwiftPackageReference "wallet-core" */ = {
			isa = XCRemoteSwiftPackageReference;
			repositoryURL = "https://github.com/trustwallet/wallet-core";
			requirement = {
				branch = master;
				kind = branch;
			};
		};
		D0E851982968EBF70034AFD1 /* XCRemoteSwiftPackageReference "SwiftUI-Introspect" */ = {
			isa = XCRemoteSwiftPackageReference;
			repositoryURL = "https://github.com/siteline/SwiftUI-Introspect.git";
			requirement = {
				kind = upToNextMajorVersion;
				minimumVersion = 0.1.4;
			};
		};
/* End XCRemoteSwiftPackageReference section */

/* Begin XCSwiftPackageProductDependency section */
		D030D28F295744A80011128F /* IdentifiedCollections */ = {
			isa = XCSwiftPackageProductDependency;
			package = D030D28E295744A80011128F /* XCRemoteSwiftPackageReference "swift-identified-collections" */;
			productName = IdentifiedCollections;
		};
		D030D292295744F50011128F /* SwiftKeychainWrapper */ = {
			isa = XCSwiftPackageProductDependency;
			package = D030D291295744F50011128F /* XCRemoteSwiftPackageReference "SwiftKeychainWrapper" */;
			productName = SwiftKeychainWrapper;
		};
		D030D2952957452F0011128F /* WalletCore */ = {
			isa = XCSwiftPackageProductDependency;
			package = D030D2942957452F0011128F /* XCRemoteSwiftPackageReference "wallet-core" */;
			productName = WalletCore;
		};
		D0E851992968EBF70034AFD1 /* Introspect */ = {
			isa = XCSwiftPackageProductDependency;
			package = D0E851982968EBF70034AFD1 /* XCRemoteSwiftPackageReference "SwiftUI-Introspect" */;
			productName = Introspect;
		};
		D0F7E13929574A330053B21D /* SwiftProtobuf */ = {
			isa = XCSwiftPackageProductDependency;
			package = D030D2942957452F0011128F /* XCRemoteSwiftPackageReference "wallet-core" */;
			productName = SwiftProtobuf;
		};
/* End XCSwiftPackageProductDependency section */
	};
	rootObject = D030D27529573E9A0011128F /* Project object */;
}
